
Microsoft Visual Studio Solution File, Format Version 12.00
# Visual Studio Version 17
VisualStudioVersion = 17.8.34316.72
MinimumVisualStudioVersion = 10.0.40219.1
Project("{FAE04EC0-301F-11D3-BF4B-00C04F79EFBC}") = "GKprojekt3", "GKprojekt3\GKprojekt3.csproj", "{985B769A-7599-40D8-8193-79FFE878AD6D}"
EndProject
Global
	GlobalSection(SolutionConfigurationPlatforms) = preSolution
		Debug|Any CPU = Debug|Any CPU
		Release|Any CPU = Release|Any CPU
	EndGlobalSection
	GlobalSection(ProjectConfigurationPlatforms) = postSolution
		{985B769A-7599-40D8-8193-79FFE878AD6D}.Debug|Any CPU.ActiveCfg = Debug|Any CPU
		{985B769A-7599-40D8-8193-79FFE878AD6D}.Debug|Any CPU.Build.0 = Debug|Any CPU
		{985B769A-7599-40D8-8193-79FFE878AD6D}.Release|Any CPU.ActiveCfg = Release|Any CPU
		{985B769A-7599-40D8-8193-79FFE878AD6D}.Release|Any CPU.Build.0 = Release|Any CPU
	EndGlobalSection
	GlobalSection(SolutionProperties) = preSolution
		HideSolutionNode = FALSE
	EndGlobalSection
	GlobalSection(ExtensibilityGlobals) = postSolution
		SolutionGuid = {EEBC24BB-19E1-4BF1-9E66-D549A926B9D1}
	EndGlobalSection
EndGlobal
